
Microsoft Visual Studio Solution File, Format Version 12.00
# Visual Studio Version 16
VisualStudioVersion = 16.0.32413.511
MinimumVisualStudioVersion = 10.0.40219.1
Project("{FAE04EC0-301F-11D3-BF4B-00C04F79EFBC}") = "Kek", "Kek.csproj", "{F978E6D0-3FF1-4DFE-8BEE-2697E5A4B3C3}"
EndProject
Global
	GlobalSection(SolutionConfigurationPlatforms) = preSolution
		Debug|Any CPU = Debug|Any CPU
		Release|Any CPU = Release|Any CPU
	EndGlobalSection
	GlobalSection(ProjectConfigurationPlatforms) = postSolution
		{F978E6D0-3FF1-4DFE-8BEE-2697E5A4B3C3}.Debug|Any CPU.ActiveCfg = Debug|Any CPU
		{F978E6D0-3FF1-4DFE-8BEE-2697E5A4B3C3}.Debug|Any CPU.Build.0 = Debug|Any CPU
		{F978E6D0-3FF1-4DFE-8BEE-2697E5A4B3C3}.Release|Any CPU.ActiveCfg = Release|Any CPU
		{F978E6D0-3FF1-4DFE-8BEE-2697E5A4B3C3}.Release|Any CPU.Build.0 = Release|Any CPU
	EndGlobalSection
	GlobalSection(SolutionProperties) = preSolution
		HideSolutionNode = FALSE
	EndGlobalSection
	GlobalSection(ExtensibilityGlobals) = postSolution
		SolutionGuid = {224D6BF6-12EB-456D-BE41-B028479683ED}
	EndGlobalSection
EndGlobal
